
Microsoft Visual Studio Solution File, Format Version 12.00
# Visual Studio Version 17
VisualStudioVersion = 17.3.32714.290
MinimumVisualStudioVersion = 10.0.40219.1
Project("{FAE04EC0-301F-11D3-BF4B-00C04F79EFBC}") = "Better-Fuel-Management", "VisualStudio\Better-Fuel-Management.csproj", "{0E2E0E91-5442-4BE8-AA92-C0D9D0AF7E02}"
EndProject
Project("{2150E333-8FDC-42A3-9474-1A3956D46DE8}") = "Solution Items", "Solution Items", "{80632573-EBAD-4C8E-80A7-572673534033}"
	ProjectSection(SolutionItems) = preProject
		.gitignore = .gitignore
		LICENSE = LICENSE
		README.md = README.md
	EndProjectSection
EndProject
Global
	GlobalSection(SolutionConfigurationPlatforms) = preSolution
		Debug|Any CPU = Debug|Any CPU
		Release|Any CPU = Release|Any CPU
	EndGlobalSection
	GlobalSection(ProjectConfigurationPlatforms) = postSolution
		{0E2E0E91-5442-4BE8-AA92-C0D9D0AF7E02}.Debug|Any CPU.ActiveCfg = Debug|Any CPU
		{0E2E0E91-5442-4BE8-AA92-C0D9D0AF7E02}.Debug|Any CPU.Build.0 = Debug|Any CPU
		{0E2E0E91-5442-4BE8-AA92-C0D9D0AF7E02}.Release|Any CPU.ActiveCfg = Release|Any CPU
		{0E2E0E91-5442-4BE8-AA92-C0D9D0AF7E02}.Release|Any CPU.Build.0 = Release|Any CPU
	EndGlobalSection
	GlobalSection(SolutionProperties) = preSolution
		HideSolutionNode = FALSE
	EndGlobalSection
	GlobalSection(ExtensibilityGlobals) = postSolution
		SolutionGuid = {F983C270-AD0D-4199-9918-4B5E9C19D23E}
	EndGlobalSection
EndGlobal
